// !$*UTF8*$!
{
	archiveVersion = 1;
	classes = {
	};
	objectVersion = 50;
	objects = {

/* Begin PBXBuildFile section */
		BA159A752282C9E900F6E480 /* AppDelegate.swift in Sources */ = {isa = PBXBuildFile; fileRef = BA159A742282C9E900F6E480 /* AppDelegate.swift */; };
		BA159A772282C9E900F6E480 /* ViewController.swift in Sources */ = {isa = PBXBuildFile; fileRef = BA159A762282C9E900F6E480 /* ViewController.swift */; };
		BA159A7A2282C9E900F6E480 /* Main.storyboard in Resources */ = {isa = PBXBuildFile; fileRef = BA159A782282C9E900F6E480 /* Main.storyboard */; };
		BA159A7D2282C9E900F6E480 /* MovieListWithCoreData.xcdatamodeld in Sources */ = {isa = PBXBuildFile; fileRef = BA159A7B2282C9E900F6E480 /* MovieListWithCoreData.xcdatamodeld */; };
		BA159A7F2282CA2B00F6E480 /* Assets.xcassets in Resources */ = {isa = PBXBuildFile; fileRef = BA159A7E2282CA2B00F6E480 /* Assets.xcassets */; };
		BA159A822282CA2B00F6E480 /* LaunchScreen.storyboard in Resources */ = {isa = PBXBuildFile; fileRef = BA159A802282CA2B00F6E480 /* LaunchScreen.storyboard */; };
/* End PBXBuildFile section */

/* Begin PBXFileReference section */
		BA159A712282C9E900F6E480 /* MovieListWithCoreData.app */ = {isa = PBXFileReference; explicitFileType = wrapper.application; includeInIndex = 0; path = MovieListWithCoreData.app; sourceTree = BUILT_PRODUCTS_DIR; };
		BA159A742282C9E900F6E480 /* AppDelegate.swift */ = {isa = PBXFileReference; lastKnownFileType = sourcecode.swift; path = AppDelegate.swift; sourceTree = "<group>"; };
		BA159A762282C9E900F6E480 /* ViewController.swift */ = {isa = PBXFileReference; lastKnownFileType = sourcecode.swift; path = ViewController.swift; sourceTree = "<group>"; };
		BA159A792282C9E900F6E480 /* Base */ = {isa = PBXFileReference; lastKnownFileType = file.storyboard; name = Base; path = Base.lproj/Main.storyboard; sourceTree = "<group>"; };
		BA159A7C2282C9E900F6E480 /* MovieListWithCoreData.xcdatamodel */ = {isa = PBXFileReference; lastKnownFileType = wrapper.xcdatamodel; path = MovieListWithCoreData.xcdatamodel; sourceTree = "<group>"; };
		BA159A7E2282CA2B00F6E480 /* Assets.xcassets */ = {isa = PBXFileReference; lastKnownFileType = folder.assetcatalog; path = Assets.xcassets; sourceTree = "<group>"; };
		BA159A812282CA2B00F6E480 /* Base */ = {isa = PBXFileReference; lastKnownFileType = file.storyboard; name = Base; path = Base.lproj/LaunchScreen.storyboard; sourceTree = "<group>"; };
		BA159A832282CA2B00F6E480 /* Info.plist */ = {isa = PBXFileReference; lastKnownFileType = text.plist.xml; path = Info.plist; sourceTree = "<group>"; };
/* End PBXFileReference section */

/* Begin PBXFrameworksBuildPhase section */
		BA159A6E2282C9E900F6E480 /* Frameworks */ = {
			isa = PBXFrameworksBuildPhase;
			buildActionMask = 2147483647;
			files = (
			);
			runOnlyForDeploymentPostprocessing = 0;
		};
/* End PBXFrameworksBuildPhase section */

/* Begin PBXGroup section */
		BA159A682282C9E900F6E480 = {
			isa = PBXGroup;
			children = (
				BA159A732282C9E900F6E480 /* MovieListWithCoreData */,
				BA159A722282C9E900F6E480 /* Products */,
			);
			sourceTree = "<group>";
		};
		BA159A722282C9E900F6E480 /* Products */ = {
			isa = PBXGroup;
			children = (
				BA159A712282C9E900F6E480 /* MovieListWithCoreData.app */,
			);
			name = Products;
			sourceTree = "<group>";
		};
		BA159A732282C9E900F6E480 /* MovieListWithCoreData */ = {
			isa = PBXGroup;
			children = (
				BA159A742282C9E900F6E480 /* AppDelegate.swift */,
				BA159A762282C9E900F6E480 /* ViewController.swift */,
				BA159A782282C9E900F6E480 /* Main.storyboard */,
				BA159A7E2282CA2B00F6E480 /* Assets.xcassets */,
				BA159A802282CA2B00F6E480 /* LaunchScreen.storyboard */,
				BA159A832282CA2B00F6E480 /* Info.plist */,
				BA159A7B2282C9E900F6E480 /* MovieListWithCoreData.xcdatamodeld */,
			);
			path = MovieListWithCoreData;
			sourceTree = "<group>";
		};
/* End PBXGroup section */

/* Begin PBXNativeTarget section */
		BA159A702282C9E900F6E480 /* MovieListWithCoreData */ = {
			isa = PBXNativeTarget;
			buildConfigurationList = BA159A862282CA2C00F6E480 /* Build configuration list for PBXNativeTarget "MovieListWithCoreData" */;
			buildPhases = (
				BA159A6D2282C9E900F6E480 /* Sources */,
				BA159A6E2282C9E900F6E480 /* Frameworks */,
				BA159A6F2282C9E900F6E480 /* Resources */,
			);
			buildRules = (
			);
			dependencies = (
			);
			name = MovieListWithCoreData;
			productName = MovieListWithCoreData;
			productReference = BA159A712282C9E900F6E480 /* MovieListWithCoreData.app */;
			productType = "com.apple.product-type.application";
		};
/* End PBXNativeTarget section */

/* Begin PBXProject section */
		BA159A692282C9E900F6E480 /* Project object */ = {
			isa = PBXProject;
			attributes = {
				LastSwiftUpdateCheck = 0930;
				LastUpgradeCheck = 0930;
				ORGANIZATIONNAME = iti;
				TargetAttributes = {
					BA159A702282C9E900F6E480 = {
						CreatedOnToolsVersion = 9.3;
					};
				};
			};
			buildConfigurationList = BA159A6C2282C9E900F6E480 /* Build configuration list for PBXProject "MovieListWithCoreData" */;
			compatibilityVersion = "Xcode 9.3";
			developmentRegion = en;
			hasScannedForEncodings = 0;
			knownRegions = (
				en,
				Base,
			);
			mainGroup = BA159A682282C9E900F6E480;
			productRefGroup = BA159A722282C9E900F6E480 /* Products */;
			projectDirPath = "";
			projectRoot = "";
			targets = (
				BA159A702282C9E900F6E480 /* MovieListWithCoreData */,
			);
		};
/* End PBXProject section */

/* Begin PBXResourcesBuildPhase section */
		BA159A6F2282C9E900F6E480 /* Resources */ = {
			isa = PBXResourcesBuildPhase;
			buildActionMask = 2147483647;
			files = (
				BA159A822282CA2B00F6E480 /* LaunchScreen.storyboard in Resources */,
				BA159A7F2282CA2B00F6E480 /* Assets.xcassets in Resources */,
				BA159A7A2282C9E900F6E480 /* Main.storyboard in Resources */,
			);
			runOnlyForDeploymentPostprocessing = 0;
		};
/* End PBXResourcesBuildPhase section */

/* Begin PBXSourcesBuildPhase section */
		BA159A6D2282C9E900F6E480 /* Sources */ = {
			isa = PBXSourcesBuildPhase;
			buildActionMask = 2147483647;
			files = (
				BA159A772282C9E900F6E480 /* ViewController.swift in Sources */,
				BA159A752282C9E900F6E480 /* AppDelegate.swift in Sources */,
				BA159A7D2282C9E900F6E480 /* MovieListWithCoreData.xcdatamodeld in Sources */,
			);
			runOnlyForDeploymentPostprocessing = 0;
		};
/* End PBXSourcesBuildPhase section */

/* Begin PBXVariantGroup section */
		BA159A782282C9E900F6E480 /* Main.storyboard */ = {
			isa = PBXVariantGroup;
			children = (
				BA159A792282C9E900F6E480 /* Base */,
			);
			name = Main.storyboard;
			sourceTree = "<group>";
		};
		BA159A802282CA2B00F6E480 /* LaunchScreen.storyboard */ = {
			isa = PBXVariantGroup;
			children = (
				BA159A812282CA2B00F6E480 /* Base */,
			);
			name = LaunchScreen.storyboard;
			sourceTree = "<group>";
		};
/* End PBXVariantGroup section */

/* Begin XCBuildConfiguration section */
		BA159A842282CA2B00F6E480 /* Debug */ = {
			isa = XCBuildConfiguration;
			buildSettings = {
				ALWAYS_SEARCH_USER_PATHS = NO;
				CLANG_ANALYZER_NONNULL = YES;
				CLANG_ANALYZER_NUMBER_OBJECT_CONVERSION = YES_AGGRESSIVE;
				CLANG_CXX_LANGUAGE_STANDARD = "gnu++14";
				CLANG_CXX_LIBRARY = "libc++";
				CLANG_ENABLE_MODULES = YES;
				CLANG_ENABLE_OBJC_ARC = YES;
				CLANG_ENABLE_OBJC_WEAK = YES;
				CLANG_WARN_BLOCK_CAPTURE_AUTORELEASING = YES;
				CLANG_WARN_BOOL_CONVERSION = YES;
				CLANG_WARN_COMMA = YES;
				CLANG_WARN_CONSTANT_CONVERSION = YES;
				CLANG_WARN_DEPRECATED_OBJC_IMPLEMENTATIONS = YES;
				CLANG_WARN_DIRECT_OBJC_ISA_USAGE = YES_ERROR;
				CLANG_WARN_DOCUMENTATION_COMMENTS = YES;
				CLANG_WARN_EMPTY_BODY = YES;
				CLANG_WARN_ENUM_CONVERSION = YES;
				CLANG_WARN_INFINITE_RECURSION = YES;
				CLANG_WARN_INT_CONVERSION = YES;
				CLANG_WARN_NON_LITERAL_NULL_CONVERSION = YES;
				CLANG_WARN_OBJC_IMPLICIT_RETAIN_SELF = YES;
				CLANG_WARN_OBJC_LITERAL_CONVERSION = YES;
				CLANG_WARN_OBJC_ROOT_CLASS = YES_ERROR;
				CLANG_WARN_RANGE_LOOP_ANALYSIS = YES;
				CLANG_WARN_STRICT_PROTOTYPES = YES;
				CLANG_WARN_SUSPICIOUS_MOVE = YES;
				CLANG_WARN_UNGUARDED_AVAILABILITY = YES_AGGRESSIVE;
				CLANG_WARN_UNREACHABLE_CODE = YES;
				CLANG_WARN__DUPLICATE_METHOD_MATCH = YES;
				CODE_SIGN_IDENTITY = "iPhone Developer";
				COPY_PHASE_STRIP = NO;
				DEBUG_INFORMATION_FORMAT = dwarf;
				ENABLE_STRICT_OBJC_MSGSEND = YES;
				ENABLE_TESTABILITY = YES;
				GCC_C_LANGUAGE_STANDARD = gnu11;
				GCC_DYNAMIC_NO_PIC = NO;
				GCC_NO_COMMON_BLOCKS = YES;
				GCC_OPTIMIZATION_LEVEL = 0;
				GCC_PREPROCESSOR_DEFINITIONS = (
					"DEBUG=1",
					"$(inherited)",
				);
				GCC_WARN_64_TO_32_BIT_CONVERSION = YES;
				GCC_WARN_ABOUT_RETURN_TYPE = YES_ERROR;
				GCC_WARN_UNDECLARED_SELECTOR = YES;
				GCC_WARN_UNINITIALIZED_AUTOS = YES_AGGRESSIVE;
				GCC_WARN_UNUSED_FUNCTION = YES;
				GCC_WARN_UNUSED_VARIABLE = YES;
				IPHONEOS_DEPLOYMENT_TARGET = 11.3;
				MTL_ENABLE_DEBUG_INFO = YES;
				ONLY_ACTIVE_ARCH = YES;
				SDKROOT = iphoneos;
				SWIFT_ACTIVE_COMPILATION_CONDITIONS = DEBUG;
				SWIFT_OPTIMIZATION_LEVEL = "-Onone";
			};
			name = Debug;
		};
		BA159A852282CA2B00F6E480 /* Release */ = {
			isa = XCBuildConfiguration;
			buildSettings = {
				ALWAYS_SEARCH_USER_PATHS = NO;
				CLANG_ANALYZER_NONNULL = YES;
				CLANG_ANALYZER_NUMBER_OBJECT_CONVERSION = YES_AGGRESSIVE;
				CLANG_CXX_LANGUAGE_STANDARD = "gnu++14";
				CLANG_CXX_LIBRARY = "libc++";
				CLANG_ENABLE_MODULES = YES;
				CLANG_ENABLE_OBJC_ARC = YES;
				CLANG_ENABLE_OBJC_WEAK = YES;
				CLANG_WARN_BLOCK_CAPTURE_AUTORELEASING = YES;
				CLANG_WARN_BOOL_CONVERSION = YES;
				CLANG_WARN_COMMA = YES;
				CLANG_WARN_CONSTANT_CONVERSION = YES;
				CLANG_WARN_DEPRECATED_OBJC_IMPLEMENTATIONS = YES;
				CLANG_WARN_DIRECT_OBJC_ISA_USAGE = YES_ERROR;
				CLANG_WARN_DOCUMENTATION_COMMENTS = YES;
				CLANG_WARN_EMPTY_BODY = YES;
				CLANG_WARN_ENUM_CONVERSION = YES;
				CLANG_WARN_INFINITE_RECURSION = YES;
				CLANG_WARN_INT_CONVERSION = YES;
				CLANG_WARN_NON_LITERAL_NULL_CONVERSION = YES;
				CLANG_WARN_OBJC_IMPLICIT_RETAIN_SELF = YES;
				CLANG_WARN_OBJC_LITERAL_CONVERSION = YES;
				CLANG_WARN_OBJC_ROOT_CLASS = YES_ERROR;
				CLANG_WARN_RANGE_LOOP_ANALYSIS = YES;
				CLANG_WARN_STRICT_PROTOTYPES = YES;
				CLANG_WARN_SUSPICIOUS_MOVE = YES;
				CLANG_WARN_UNGUARDED_AVAILABILITY = YES_AGGRESSIVE;
				CLANG_WARN_UNREACHABLE_CODE = YES;
				CLANG_WARN__DUPLICATE_METHOD_MATCH = YES;
				CODE_SIGN_IDENTITY = "iPhone Developer";
				COPY_PHASE_STRIP = NO;
				DEBUG_INFORMATION_FORMAT = "dwarf-with-dsym";
				ENABLE_NS_ASSERTIONS = NO;
				ENABLE_STRICT_OBJC_MSGSEND = YES;
				GCC_C_LANGUAGE_STANDARD = gnu11;
				GCC_NO_COMMON_BLOCKS = YES;
				GCC_WARN_64_TO_32_BIT_CONVERSION = YES;
				GCC_WARN_ABOUT_RETURN_TYPE = YES_ERROR;
				GCC_WARN_UNDECLARED_SELECTOR = YES;
				GCC_WARN_UNINITIALIZED_AUTOS = YES_AGGRESSIVE;
				GCC_WARN_UNUSED_FUNCTION = YES;
				GCC_WARN_UNUSED_VARIABLE = YES;
				IPHONEOS_DEPLOYMENT_TARGET = 11.3;
				MTL_ENABLE_DEBUG_INFO = NO;
				SDKROOT = iphoneos;
				SWIFT_COMPILATION_MODE = wholemodule;
				SWIFT_OPTIMIZATION_LEVEL = "-O";
				VALIDATE_PRODUCT = YES;
			};
			name = Release;
		};
		BA159A872282CA2C00F6E480 /* Debug */ = {
			isa = XCBuildConfiguration;
			buildSettings = {
				ASSETCATALOG_COMPILER_APPICON_NAME = AppIcon;
				CODE_SIGN_STYLE = Automatic;
				INFOPLIST_FILE = MovieListWithCoreData/Info.plist;
				LD_RUNPATH_SEARCH_PATHS = (
					"$(inherited)",
					"@executable_path/Frameworks",
				);
				PRODUCT_BUNDLE_IDENTIFIER = com.ep.MovieListWithCoreData;
				PRODUCT_NAME = "$(TARGET_NAME)";
				SWIFT_VERSION = 4.0;
				TARGETED_DEVICE_FAMILY = "1,2";
			};
			name = Debug;
		};
		BA159A882282CA2C00F6E480 /* Release */ = {
			isa = XCBuildConfiguration;
			buildSettings = {
				ASSETCATALOG_COMPILER_APPICON_NAME = AppIcon;
				CODE_SIGN_STYLE = Automatic;
				INFOPLIST_FILE = MovieListWithCoreData/Info.plist;
				LD_RUNPATH_SEARCH_PATHS = (
					"$(inherited)",
					"@executable_path/Frameworks",
				);
				PRODUCT_BUNDLE_IDENTIFIER = com.ep.MovieListWithCoreData;
				PRODUCT_NAME = "$(TARGET_NAME)";
				SWIFT_VERSION = 4.0;
				TARGETED_DEVICE_FAMILY = "1,2";
			};
			name = Release;
		};
/* End XCBuildConfiguration section */

/* Begin XCConfigurationList section */
		BA159A6C2282C9E900F6E480 /* Build configuration list for PBXProject "MovieListWithCoreData" */ = {
			isa = XCConfigurationList;
			buildConfigurations = (
				BA159A842282CA2B00F6E480 /* Debug */,
				BA159A852282CA2B00F6E480 /* Release */,
			);
			defaultConfigurationIsVisible = 0;
			defaultConfigurationName = Release;
		};
		BA159A862282CA2C00F6E480 /* Build configuration list for PBXNativeTarget "MovieListWithCoreData" */ = {
			isa = XCConfigurationList;
			buildConfigurations = (
				BA159A872282CA2C00F6E480 /* Debug */,
				BA159A882282CA2C00F6E480 /* Release */,
			);
			defaultConfigurationIsVisible = 0;
			defaultConfigurationName = Release;
		};
/* End XCConfigurationList section */

/* Begin XCVersionGroup section */
		BA159A7B2282C9E900F6E480 /* MovieListWithCoreData.xcdatamodeld */ = {
			isa = XCVersionGroup;
			children = (
				BA159A7C2282C9E900F6E480 /* MovieListWithCoreData.xcdatamodel */,
			);
			currentVersion = BA159A7C2282C9E900F6E480 /* MovieListWithCoreData.xcdatamodel */;
			path = MovieListWithCoreData.xcdatamodeld;
			sourceTree = "<group>";
			versionGroupType = wrapper.xcdatamodel;
		};
/* End XCVersionGroup section */
	};
	rootObject = BA159A692282C9E900F6E480 /* Project object */;
}
